lockfileVersion: '6.0'

settings:
  autoInstallPeers: true
  excludeLinksFromLockfile: false

dependencies:
  '@vercel/analytics':
    specifier: ^1.0.2
    version: 1.0.2

packages:

  /@vercel/analytics@1.0.2:
    resolution: {integrity: sha512-BZFxVrv24VbNNl5xMxqUojQIegEeXMI6rX3rg1uVLYUEXsuKNBSAEQf4BWEcjQDp/8aYJOj6m8V4PUA3x/cxgg==}
    dev: false
